
Microsoft Visual Studio Solution File, Format Version 12.00
# Visual Studio Version 16
VisualStudioVersion = 16.0.32510.428
MinimumVisualStudioVersion = 10.0.40219.1
Project("{FAE04EC0-301F-11D3-BF4B-00C04F79EFBC}") = "VernamovaSifraConsole", "VernamovaSifraConsole\VernamovaSifraConsole.csproj", "{E06D22A6-8262-4762-A185-C8FCE2B118E8}"
EndProject
Global
	GlobalSection(SolutionConfigurationPlatforms) = preSolution
		Debug|Any CPU = Debug|Any CPU
		Release|Any CPU = Release|Any CPU
	EndGlobalSection
	GlobalSection(ProjectConfigurationPlatforms) = postSolution
		{E06D22A6-8262-4762-A185-C8FCE2B118E8}.Debug|Any CPU.ActiveCfg = Debug|Any CPU
		{E06D22A6-8262-4762-A185-C8FCE2B118E8}.Debug|Any CPU.Build.0 = Debug|Any CPU
		{E06D22A6-8262-4762-A185-C8FCE2B118E8}.Release|Any CPU.ActiveCfg = Release|Any CPU
		{E06D22A6-8262-4762-A185-C8FCE2B118E8}.Release|Any CPU.Build.0 = Release|Any CPU
	EndGlobalSection
	GlobalSection(SolutionProperties) = preSolution
		HideSolutionNode = FALSE
	EndGlobalSection
	GlobalSection(ExtensibilityGlobals) = postSolution
		SolutionGuid = {3351EBA0-1FFD-4493-A37A-9F08D130A380}
	EndGlobalSection
EndGlobal
